// !$*UTF8*$!
{
	archiveVersion = 1;
	classes = {
	};
	objectVersion = 56;
	objects = {

/* Begin PBXBuildFile section */
		318D695A28E675A400637B36 /* AppDelegate.swift in Sources */ = {isa = PBXBuildFile; fileRef = 318D695928E675A400637B36 /* AppDelegate.swift */; };
		318D695C28E675A400637B36 /* SceneDelegate.swift in Sources */ = {isa = PBXBuildFile; fileRef = 318D695B28E675A400637B36 /* SceneDelegate.swift */; };
		318D695E28E675A400637B36 /* ViewController.swift in Sources */ = {isa = PBXBuildFile; fileRef = 318D695D28E675A400637B36 /* ViewController.swift */; };
		318D696128E675A400637B36 /* Main.storyboard in Resources */ = {isa = PBXBuildFile; fileRef = 318D695F28E675A400637B36 /* Main.storyboard */; };
		318D696328E675A500637B36 /* Assets.xcassets in Resources */ = {isa = PBXBuildFile; fileRef = 318D696228E675A500637B36 /* Assets.xcassets */; };
		318D696628E675A500637B36 /* LaunchScreen.storyboard in Resources */ = {isa = PBXBuildFile; fileRef = 318D696428E675A500637B36 /* LaunchScreen.storyboard */; };
		318D697128E675A500637B36 /* Tally_appTests.swift in Sources */ = {isa = PBXBuildFile; fileRef = 318D697028E675A500637B36 /* Tally_appTests.swift */; };
		318D697B28E675A500637B36 /* Tally_appUITests.swift in Sources */ = {isa = PBXBuildFile; fileRef = 318D697A28E675A500637B36 /* Tally_appUITests.swift */; };
		318D697D28E675A500637B36 /* Tally_appUITestsLaunchTests.swift in Sources */ = {isa = PBXBuildFile; fileRef = 318D697C28E675A500637B36 /* Tally_appUITestsLaunchTests.swift */; };
/* End PBXBuildFile section */

/* Begin PBXContainerItemProxy section */
		318D696D28E675A500637B36 /* PBXContainerItemProxy */ = {
			isa = PBXContainerItemProxy;
			containerPortal = 318D694E28E675A400637B36 /* Project object */;
			proxyType = 1;
			remoteGlobalIDString = 318D695528E675A400637B36;
			remoteInfo = "Tally app";
		};
		318D697728E675A500637B36 /* PBXContainerItemProxy */ = {
			isa = PBXContainerItemProxy;
			containerPortal = 318D694E28E675A400637B36 /* Project object */;
			proxyType = 1;
			remoteGlobalIDString = 318D695528E675A400637B36;
			remoteInfo = "Tally app";
		};
/* End PBXContainerItemProxy section */

/* Begin PBXFileReference section */
		318D695628E675A400637B36 /* Tally app.app */ = {isa = PBXFileReference; explicitFileType = wrapper.application; includeInIndex = 0; path = "Tally app.app"; sourceTree = BUILT_PRODUCTS_DIR; };
		318D695928E675A400637B36 /* AppDelegate.swift */ = {isa = PBXFileReference; lastKnownFileType = sourcecode.swift; path = AppDelegate.swift; sourceTree = "<group>"; };
		318D695B28E675A400637B36 /* SceneDelegate.swift */ = {isa = PBXFileReference; lastKnownFileType = sourcecode.swift; path = SceneDelegate.swift; sourceTree = "<group>"; };
		318D695D28E675A400637B36 /* ViewController.swift */ = {isa = PBXFileReference; lastKnownFileType = sourcecode.swift; path = ViewController.swift; sourceTree = "<group>"; };
		318D696028E675A400637B36 /* Base */ = {isa = PBXFileReference; lastKnownFileType = file.storyboard; name = Base; path = Base.lproj/Main.storyboard; sourceTree = "<group>"; };
		318D696228E675A500637B36 /* Assets.xcassets */ = {isa = PBXFileReference; lastKnownFileType = folder.assetcatalog; path = Assets.xcassets; sourceTree = "<group>"; };
		318D696528E675A500637B36 /* Base */ = {isa = PBXFileReference; lastKnownFileType = file.storyboard; name = Base; path = Base.lproj/LaunchScreen.storyboard; sourceTree = "<group>"; };
		318D696728E675A500637B36 /* Info.plist */ = {isa = PBXFileReference; lastKnownFileType = text.plist.xml; path = Info.plist; sourceTree = "<group>"; };
		318D696C28E675A500637B36 /* Tally appTests.xctest */ = {isa = PBXFileReference; explicitFileType = wrapper.cfbundle; includeInIndex = 0; path = "Tally appTests.xctest"; sourceTree = BUILT_PRODUCTS_DIR; };
		318D697028E675A500637B36 /* Tally_appTests.swift */ = {isa = PBXFileReference; lastKnownFileType = sourcecode.swift; path = Tally_appTests.swift; sourceTree = "<group>"; };
		318D697628E675A500637B36 /* Tally appUITests.xctest */ = {isa = PBXFileReference; explicitFileType = wrapper.cfbundle; includeInIndex = 0; path = "Tally appUITests.xctest"; sourceTree = BUILT_PRODUCTS_DIR; };
		318D697A28E675A500637B36 /* Tally_appUITests.swift */ = {isa = PBXFileReference; lastKnownFileType = sourcecode.swift; path = Tally_appUITests.swift; sourceTree = "<group>"; };
		318D697C28E675A500637B36 /* Tally_appUITestsLaunchTests.swift */ = {isa = PBXFileReference; lastKnownFileType = sourcecode.swift; path = Tally_appUITestsLaunchTests.swift; sourceTree = "<group>"; };
/* End PBXFileReference section */

/* Begin PBXFrameworksBuildPhase section */
		318D695328E675A400637B36 /* Frameworks */ = {
			isa = PBXFrameworksBuildPhase;
			buildActionMask = 2147483647;
			files = (
			);
			runOnlyForDeploymentPostprocessing = 0;
		};
		318D696928E675A500637B36 /* Frameworks */ = {
			isa = PBXFrameworksBuildPhase;
			buildActionMask = 2147483647;
			files = (
			);
			runOnlyForDeploymentPostprocessing = 0;
		};
		318D697328E675A500637B36 /* Frameworks */ = {
			isa = PBXFrameworksBuildPhase;
			buildActionMask = 2147483647;
			files = (
			);
			runOnlyForDeploymentPostprocessing = 0;
		};
/* End PBXFrameworksBuildPhase section */

/* Begin PBXGroup section */
		318D694D28E675A400637B36 = {
			isa = PBXGroup;
			children = (
				318D695828E675A400637B36 /* Tally app */,
				318D696F28E675A500637B36 /* Tally appTests */,
				318D697928E675A500637B36 /* Tally appUITests */,
				318D695728E675A400637B36 /* Products */,
			);
			sourceTree = "<group>";
		};
		318D695728E675A400637B36 /* Products */ = {
			isa = PBXGroup;
			children = (
				318D695628E675A400637B36 /* Tally app.app */,
				318D696C28E675A500637B36 /* Tally appTests.xctest */,
				318D697628E675A500637B36 /* Tally appUITests.xctest */,
			);
			name = Products;
			sourceTree = "<group>";
		};
		318D695828E675A400637B36 /* Tally app */ = {
			isa = PBXGroup;
			children = (
				318D695928E675A400637B36 /* AppDelegate.swift */,
				318D695B28E675A400637B36 /* SceneDelegate.swift */,
				318D695D28E675A400637B36 /* ViewController.swift */,
				318D695F28E675A400637B36 /* Main.storyboard */,
				318D696228E675A500637B36 /* Assets.xcassets */,
				318D696428E675A500637B36 /* LaunchScreen.storyboard */,
				318D696728E675A500637B36 /* Info.plist */,
			);
			path = "Tally app";
			sourceTree = "<group>";
		};
		318D696F28E675A500637B36 /* Tally appTests */ = {
			isa = PBXGroup;
			children = (
				318D697028E675A500637B36 /* Tally_appTests.swift */,
			);
			path = "Tally appTests";
			sourceTree = "<group>";
		};
		318D697928E675A500637B36 /* Tally appUITests */ = {
			isa = PBXGroup;
			children = (
				318D697A28E675A500637B36 /* Tally_appUITests.swift */,
				318D697C28E675A500637B36 /* Tally_appUITestsLaunchTests.swift */,
			);
			path = "Tally appUITests";
			sourceTree = "<group>";
		};
/* End PBXGroup section */

/* Begin PBXNativeTarget section */
		318D695528E675A400637B36 /* Tally app */ = {
			isa = PBXNativeTarget;
			buildConfigurationList = 318D698028E675A500637B36 /* Build configuration list for PBXNativeTarget "Tally app" */;
			buildPhases = (
				318D695228E675A400637B36 /* Sources */,
				318D695328E675A400637B36 /* Frameworks */,
				318D695428E675A400637B36 /* Resources */,
			);
			buildRules = (
			);
			dependencies = (
			);
			name = "Tally app";
			productName = "Tally app";
			productReference = 318D695628E675A400637B36 /* Tally app.app */;
			productType = "com.apple.product-type.application";
		};
		318D696B28E675A500637B36 /* Tally appTests */ = {
			isa = PBXNativeTarget;
			buildConfigurationList = 318D698328E675A500637B36 /* Build configuration list for PBXNativeTarget "Tally appTests" */;
			buildPhases = (
				318D696828E675A500637B36 /* Sources */,
				318D696928E675A500637B36 /* Frameworks */,
				318D696A28E675A500637B36 /* Resources */,
			);
			buildRules = (
			);
			dependencies = (
				318D696E28E675A500637B36 /* PBXTargetDependency */,
			);
			name = "Tally appTests";
			productName = "Tally appTests";
			productReference = 318D696C28E675A500637B36 /* Tally appTests.xctest */;
			productType = "com.apple.product-type.bundle.unit-test";
		};
		318D697528E675A500637B36 /* Tally appUITests */ = {
			isa = PBXNativeTarget;
			buildConfigurationList = 318D698628E675A500637B36 /* Build configuration list for PBXNativeTarget "Tally appUITests" */;
			buildPhases = (
				318D697228E675A500637B36 /* Sources */,
				318D697328E675A500637B36 /* Frameworks */,
				318D697428E675A500637B36 /* Resources */,
			);
			buildRules = (
			);
			dependencies = (
				318D697828E675A500637B36 /* PBXTargetDependency */,
			);
			name = "Tally appUITests";
			productName = "Tally appUITests";
			productReference = 318D697628E675A500637B36 /* Tally appUITests.xctest */;
			productType = "com.apple.product-type.bundle.ui-testing";
		};
/* End PBXNativeTarget section */

/* Begin PBXProject section */
		318D694E28E675A400637B36 /* Project object */ = {
			isa = PBXProject;
			attributes = {
				BuildIndependentTargetsInParallel = 1;
				LastSwiftUpdateCheck = 1400;
				LastUpgradeCheck = 1400;
				TargetAttributes = {
					318D695528E675A400637B36 = {
						CreatedOnToolsVersion = 14.0.1;
					};
					318D696B28E675A500637B36 = {
						CreatedOnToolsVersion = 14.0.1;
						TestTargetID = 318D695528E675A400637B36;
					};
					318D697528E675A500637B36 = {
						CreatedOnToolsVersion = 14.0.1;
						TestTargetID = 318D695528E675A400637B36;
					};
				};
			};
			buildConfigurationList = 318D695128E675A400637B36 /* Build configuration list for PBXProject "Tally app" */;
			compatibilityVersion = "Xcode 14.0";
			developmentRegion = en;
			hasScannedForEncodings = 0;
			knownRegions = (
				en,
				Base,
			);
			mainGroup = 318D694D28E675A400637B36;
			productRefGroup = 318D695728E675A400637B36 /* Products */;
			projectDirPath = "";
			projectRoot = "";
			targets = (
				318D695528E675A400637B36 /* Tally app */,
				318D696B28E675A500637B36 /* Tally appTests */,
				318D697528E675A500637B36 /* Tally appUITests */,
			);
		};
/* End PBXProject section */

/* Begin PBXResourcesBuildPhase section */
		318D695428E675A400637B36 /* Resources */ = {
			isa = PBXResourcesBuildPhase;
			buildActionMask = 2147483647;
			files = (
				318D696628E675A500637B36 /* LaunchScreen.storyboard in Resources */,
				318D696328E675A500637B36 /* Assets.xcassets in Resources */,
				318D696128E675A400637B36 /* Main.storyboard in Resources */,
			);
			runOnlyForDeploymentPostprocessing = 0;
		};
		318D696A28E675A500637B36 /* Resources */ = {
			isa = PBXResourcesBuildPhase;
			buildActionMask = 2147483647;
			files = (
			);
			runOnlyForDeploymentPostprocessing = 0;
		};
		318D697428E675A500637B36 /* Resources */ = {
			isa = PBXResourcesBuildPhase;
			buildActionMask = 2147483647;
			files = (
			);
			runOnlyForDeploymentPostprocessing = 0;
		};
/* End PBXResourcesBuildPhase section */

/* Begin PBXSourcesBuildPhase section */
		318D695228E675A400637B36 /* Sources */ = {
			isa = PBXSourcesBuildPhase;
			buildActionMask = 2147483647;
			files = (
				318D695E28E675A400637B36 /* ViewController.swift in Sources */,
				318D695A28E675A400637B36 /* AppDelegate.swift in Sources */,
				318D695C28E675A400637B36 /* SceneDelegate.swift in Sources */,
			);
			runOnlyForDeploymentPostprocessing = 0;
		};
		318D696828E675A500637B36 /* Sources */ = {
			isa = PBXSourcesBuildPhase;
			buildActionMask = 2147483647;
			files = (
				318D697128E675A500637B36 /* Tally_appTests.swift in Sources */,
			);
			runOnlyForDeploymentPostprocessing = 0;
		};
		318D697228E675A500637B36 /* Sources */ = {
			isa = PBXSourcesBuildPhase;
			buildActionMask = 2147483647;
			files = (
				318D697B28E675A500637B36 /* Tally_appUITests.swift in Sources */,
				318D697D28E675A500637B36 /* Tally_appUITestsLaunchTests.swift in Sources */,
			);
			runOnlyForDeploymentPostprocessing = 0;
		};
/* End PBXSourcesBuildPhase section */

/* Begin PBXTargetDependency section */
		318D696E28E675A500637B36 /* PBXTargetDependency */ = {
			isa = PBXTargetDependency;
			target = 318D695528E675A400637B36 /* Tally app */;
			targetProxy = 318D696D28E675A500637B36 /* PBXContainerItemProxy */;
		};
		318D697828E675A500637B36 /* PBXTargetDependency */ = {
			isa = PBXTargetDependency;
			target = 318D695528E675A400637B36 /* Tally app */;
			targetProxy = 318D697728E675A500637B36 /* PBXContainerItemProxy */;
		};
/* End PBXTargetDependency section */

/* Begin PBXVariantGroup section */
		318D695F28E675A400637B36 /* Main.storyboard */ = {
			isa = PBXVariantGroup;
			children = (
				318D696028E675A400637B36 /* Base */,
			);
			name = Main.storyboard;
			sourceTree = "<group>";
		};
		318D696428E675A500637B36 /* LaunchScreen.storyboard */ = {
			isa = PBXVariantGroup;
			children = (
				318D696528E675A500637B36 /* Base */,
			);
			name = LaunchScreen.storyboard;
			sourceTree = "<group>";
		};
/* End PBXVariantGroup section */

/* Begin XCBuildConfiguration section */
		318D697E28E675A500637B36 /* Debug */ = {
			isa = XCBuildConfiguration;
			buildSettings = {
				ALWAYS_SEARCH_USER_PATHS = NO;
				CLANG_ANALYZER_NONNULL = YES;
				CLANG_ANALYZER_NUMBER_OBJECT_CONVERSION = YES_AGGRESSIVE;
				CLANG_CXX_LANGUAGE_STANDARD = "gnu++20";
				CLANG_ENABLE_MODULES = YES;
				CLANG_ENABLE_OBJC_ARC = YES;
				CLANG_ENABLE_OBJC_WEAK = YES;
				CLANG_WARN_BLOCK_CAPTURE_AUTORELEASING = YES;
				CLANG_WARN_BOOL_CONVERSION = YES;
				CLANG_WARN_COMMA = YES;
				CLANG_WARN_CONSTANT_CONVERSION = YES;
				CLANG_WARN_DEPRECATED_OBJC_IMPLEMENTATIONS = YES;
				CLANG_WARN_DIRECT_OBJC_ISA_USAGE = YES_ERROR;
				CLANG_WARN_DOCUMENTATION_COMMENTS = YES;
				CLANG_WARN_EMPTY_BODY = YES;
				CLANG_WARN_ENUM_CONVERSION = YES;
				CLANG_WARN_INFINITE_RECURSION = YES;
				CLANG_WARN_INT_CONVERSION = YES;
				CLANG_WARN_NON_LITERAL_NULL_CONVERSION = YES;
				CLANG_WARN_OBJC_IMPLICIT_RETAIN_SELF = YES;
				CLANG_WARN_OBJC_LITERAL_CONVERSION = YES;
				CLANG_WARN_OBJC_ROOT_CLASS = YES_ERROR;
				CLANG_WARN_QUOTED_INCLUDE_IN_FRAMEWORK_HEADER = YES;
				CLANG_WARN_RANGE_LOOP_ANALYSIS = YES;
				CLANG_WARN_STRICT_PROTOTYPES = YES;
				CLANG_WARN_SUSPICIOUS_MOVE = YES;
				CLANG_WARN_UNGUARDED_AVAILABILITY = YES_AGGRESSIVE;
				CLANG_WARN_UNREACHABLE_CODE = YES;
				CLANG_WARN__DUPLICATE_METHOD_MATCH = YES;
				COPY_PHASE_STRIP = NO;
				DEBUG_INFORMATION_FORMAT = dwarf;
				ENABLE_STRICT_OBJC_MSGSEND = YES;
				ENABLE_TESTABILITY = YES;
				GCC_C_LANGUAGE_STANDARD = gnu11;
				GCC_DYNAMIC_NO_PIC = NO;
				GCC_NO_COMMON_BLOCKS = YES;
				GCC_OPTIMIZATION_LEVEL = 0;
				GCC_PREPROCESSOR_DEFINITIONS = (
					"DEBUG=1",
					"$(inherited)",
				);
				GCC_WARN_64_TO_32_BIT_CONVERSION = YES;
				GCC_WARN_ABOUT_RETURN_TYPE = YES_ERROR;
				GCC_WARN_UNDECLARED_SELECTOR = YES;
				GCC_WARN_UNINITIALIZED_AUTOS = YES_AGGRESSIVE;
				GCC_WARN_UNUSED_FUNCTION = YES;
				GCC_WARN_UNUSED_VARIABLE = YES;
				IPHONEOS_DEPLOYMENT_TARGET = 16.0;
				MTL_ENABLE_DEBUG_INFO = INCLUDE_SOURCE;
				MTL_FAST_MATH = YES;
				ONLY_ACTIVE_ARCH = YES;
				SDKROOT = iphoneos;
				SWIFT_ACTIVE_COMPILATION_CONDITIONS = DEBUG;
				SWIFT_OPTIMIZATION_LEVEL = "-Onone";
			};
			name = Debug;
		};
		318D697F28E675A500637B36 /* Release */ = {
			isa = XCBuildConfiguration;
			buildSettings = {
				ALWAYS_SEARCH_USER_PATHS = NO;
				CLANG_ANALYZER_NONNULL = YES;
				CLANG_ANALYZER_NUMBER_OBJECT_CONVERSION = YES_AGGRESSIVE;
				CLANG_CXX_LANGUAGE_STANDARD = "gnu++20";
				CLANG_ENABLE_MODULES = YES;
				CLANG_ENABLE_OBJC_ARC = YES;
				CLANG_ENABLE_OBJC_WEAK = YES;
				CLANG_WARN_BLOCK_CAPTURE_AUTORELEASING = YES;
				CLANG_WARN_BOOL_CONVERSION = YES;
				CLANG_WARN_COMMA = YES;
				CLANG_WARN_CONSTANT_CONVERSION = YES;
				CLANG_WARN_DEPRECATED_OBJC_IMPLEMENTATIONS = YES;
				CLANG_WARN_DIRECT_OBJC_ISA_USAGE = YES_ERROR;
				CLANG_WARN_DOCUMENTATION_COMMENTS = YES;
				CLANG_WARN_EMPTY_BODY = YES;
				CLANG_WARN_ENUM_CONVERSION = YES;
				CLANG_WARN_INFINITE_RECURSION = YES;
				CLANG_WARN_INT_CONVERSION = YES;
				CLANG_WARN_NON_LITERAL_NULL_CONVERSION = YES;
				CLANG_WARN_OBJC_IMPLICIT_RETAIN_SELF = YES;
				CLANG_WARN_OBJC_LITERAL_CONVERSION = YES;
				CLANG_WARN_OBJC_ROOT_CLASS = YES_ERROR;
				CLANG_WARN_QUOTED_INCLUDE_IN_FRAMEWORK_HEADER = YES;
				CLANG_WARN_RANGE_LOOP_ANALYSIS = YES;
				CLANG_WARN_STRICT_PROTOTYPES = YES;
				CLANG_WARN_SUSPICIOUS_MOVE = YES;
				CLANG_WARN_UNGUARDED_AVAILABILITY = YES_AGGRESSIVE;
				CLANG_WARN_UNREACHABLE_CODE = YES;
				CLANG_WARN__DUPLICATE_METHOD_MATCH = YES;
				COPY_PHASE_STRIP = NO;
				DEBUG_INFORMATION_FORMAT = "dwarf-with-dsym";
				ENABLE_NS_ASSERTIONS = NO;
				ENABLE_STRICT_OBJC_MSGSEND = YES;
				GCC_C_LANGUAGE_STANDARD = gnu11;
				GCC_NO_COMMON_BLOCKS = YES;
				GCC_WARN_64_TO_32_BIT_CONVERSION = YES;
				GCC_WARN_ABOUT_RETURN_TYPE = YES_ERROR;
				GCC_WARN_UNDECLARED_SELECTOR = YES;
				GCC_WARN_UNINITIALIZED_AUTOS = YES_AGGRESSIVE;
				GCC_WARN_UNUSED_FUNCTION = YES;
				GCC_WARN_UNUSED_VARIABLE = YES;
				IPHONEOS_DEPLOYMENT_TARGET = 16.0;
				MTL_ENABLE_DEBUG_INFO = NO;
				MTL_FAST_MATH = YES;
				SDKROOT = iphoneos;
				SWIFT_COMPILATION_MODE = wholemodule;
				SWIFT_OPTIMIZATION_LEVEL = "-O";
				VALIDATE_PRODUCT = YES;
			};
			name = Release;
		};
		318D698128E675A500637B36 /* Debug */ = {
			isa = XCBuildConfiguration;
			buildSettings = {
				ASSETCATALOG_COMPILER_APPICON_NAME = AppIcon;
				ASSETCATALOG_COMPILER_GLOBAL_ACCENT_COLOR_NAME = AccentColor;
				CODE_SIGN_STYLE = Automatic;
				CURRENT_PROJECT_VERSION = 1;
				DEVELOPMENT_TEAM = 3Z3YP89VS7;
				GENERATE_INFOPLIST_FILE = YES;
				INFOPLIST_FILE = "Tally app/Info.plist";
				INFOPLIST_KEY_UIApplicationSupportsIndirectInputEvents = YES;
				INFOPLIST_KEY_UILaunchStoryboardName = LaunchScreen;
				INFOPLIST_KEY_UIMainStoryboardFile = Main;
				INFOPLIST_KEY_UISupportedInterfaceOrientations_iPad = "UIInterfaceOrientationPortrait UIInterfaceOrientationPortraitUpsideDown UIInterfaceOrientationLandscapeLeft UIInterfaceOrientationLandscapeRight";
				INFOPLIST_KEY_UISupportedInterfaceOrientations_iPhone = "UIInterfaceOrientationPortrait UIInterfaceOrientationLandscapeLeft UIInterfaceOrientationLandscapeRight";
				LD_RUNPATH_SEARCH_PATHS = (
					"$(inherited)",
					"@executable_path/Frameworks",
				);
				MARKETING_VERSION = 1.0;
				PRODUCT_BUNDLE_IDENTIFIER = "com.outside.Tally-app";
				PRODUCT_NAME = "$(TARGET_NAME)";
				SWIFT_EMIT_LOC_STRINGS = YES;
				SWIFT_VERSION = 5.0;
				TARGETED_DEVICE_FAMILY = "1,2";
			};
			name = Debug;
		};
		318D698228E675A500637B36 /* Release */ = {
			isa = XCBuildConfiguration;
			buildSettings = {
				ASSETCATALOG_COMPILER_APPICON_NAME = AppIcon;
				ASSETCATALOG_COMPILER_GLOBAL_ACCENT_COLOR_NAME = AccentColor;
				CODE_SIGN_STYLE = Automatic;
				CURRENT_PROJECT_VERSION = 1;
				DEVELOPMENT_TEAM = 3Z3YP89VS7;
				GENERATE_INFOPLIST_FILE = YES;
				INFOPLIST_FILE = "Tally app/Info.plist";
				INFOPLIST_KEY_UIApplicationSupportsIndirectInputEvents = YES;
				INFOPLIST_KEY_UILaunchStoryboardName = LaunchScreen;
				INFOPLIST_KEY_UIMainStoryboardFile = Main;
				INFOPLIST_KEY_UISupportedInterfaceOrientations_iPad = "UIInterfaceOrientationPortrait UIInterfaceOrientationPortraitUpsideDown UIInterfaceOrientationLandscapeLeft UIInterfaceOrientationLandscapeRight";
				INFOPLIST_KEY_UISupportedInterfaceOrientations_iPhone = "UIInterfaceOrientationPortrait UIInterfaceOrientationLandscapeLeft UIInterfaceOrientationLandscapeRight";
				LD_RUNPATH_SEARCH_PATHS = (
					"$(inherited)",
					"@executable_path/Frameworks",
				);
				MARKETING_VERSION = 1.0;
				PRODUCT_BUNDLE_IDENTIFIER = "com.outside.Tally-app";
				PRODUCT_NAME = "$(TARGET_NAME)";
				SWIFT_EMIT_LOC_STRINGS = YES;
				SWIFT_VERSION = 5.0;
				TARGETED_DEVICE_FAMILY = "1,2";
			};
			name = Release;
		};
		318D698428E675A500637B36 /* Debug */ = {
			isa = XCBuildConfiguration;
			buildSettings = {
				ALWAYS_EMBED_SWIFT_STANDARD_LIBRARIES = YES;
				BUNDLE_LOADER = "$(TEST_HOST)";
				CODE_SIGN_STYLE = Automatic;
				CURRENT_PROJECT_VERSION = 1;
				DEVELOPMENT_TEAM = 3Z3YP89VS7;
				GENERATE_INFOPLIST_FILE = YES;
				IPHONEOS_DEPLOYMENT_TARGET = 16.0;
				MARKETING_VERSION = 1.0;
				PRODUCT_BUNDLE_IDENTIFIER = "com.outside.Tally-appTests";
				PRODUCT_NAME = "$(TARGET_NAME)";
				SWIFT_EMIT_LOC_STRINGS = NO;
				SWIFT_VERSION = 5.0;
				TARGETED_DEVICE_FAMILY = "1,2";
				TEST_HOST = "$(BUILT_PRODUCTS_DIR)/Tally app.app/$(BUNDLE_EXECUTABLE_FOLDER_PATH)/Tally app";
			};
			name = Debug;
		};
		318D698528E675A500637B36 /* Release */ = {
			isa = XCBuildConfiguration;
			buildSettings = {
				ALWAYS_EMBED_SWIFT_STANDARD_LIBRARIES = YES;
				BUNDLE_LOADER = "$(TEST_HOST)";
				CODE_SIGN_STYLE = Automatic;
				CURRENT_PROJECT_VERSION = 1;
				DEVELOPMENT_TEAM = 3Z3YP89VS7;
				GENERATE_INFOPLIST_FILE = YES;
				IPHONEOS_DEPLOYMENT_TARGET = 16.0;
				MARKETING_VERSION = 1.0;
				PRODUCT_BUNDLE_IDENTIFIER = "com.outside.Tally-appTests";
				PRODUCT_NAME = "$(TARGET_NAME)";
				SWIFT_EMIT_LOC_STRINGS = NO;
				SWIFT_VERSION = 5.0;
				TARGETED_DEVICE_FAMILY = "1,2";
				TEST_HOST = "$(BUILT_PRODUCTS_DIR)/Tally app.app/$(BUNDLE_EXECUTABLE_FOLDER_PATH)/Tally app";
			};
			name = Release;
		};
		318D698728E675A500637B36 /* Debug */ = {
			isa = XCBuildConfiguration;
			buildSettings = {
				ALWAYS_EMBED_SWIFT_STANDARD_LIBRARIES = YES;
				CODE_SIGN_STYLE = Automatic;
				CURRENT_PROJECT_VERSION = 1;
				DEVELOPMENT_TEAM = 3Z3YP89VS7;
				GENERATE_INFOPLIST_FILE = YES;
				MARKETING_VERSION = 1.0;
				PRODUCT_BUNDLE_IDENTIFIER = "com.outside.Tally-appUITests";
				PRODUCT_NAME = "$(TARGET_NAME)";
				SWIFT_EMIT_LOC_STRINGS = NO;
				SWIFT_VERSION = 5.0;
				TARGETED_DEVICE_FAMILY = "1,2";
				TEST_TARGET_NAME = "Tally app";
			};
			name = Debug;
		};
		318D698828E675A500637B36 /* Release */ = {
			isa = XCBuildConfiguration;
			buildSettings = {
				ALWAYS_EMBED_SWIFT_STANDARD_LIBRARIES = YES;
				CODE_SIGN_STYLE = Automatic;
				CURRENT_PROJECT_VERSION = 1;
				DEVELOPMENT_TEAM = 3Z3YP89VS7;
				GENERATE_INFOPLIST_FILE = YES;
				MARKETING_VERSION = 1.0;
				PRODUCT_BUNDLE_IDENTIFIER = "com.outside.Tally-appUITests";
				PRODUCT_NAME = "$(TARGET_NAME)";
				SWIFT_EMIT_LOC_STRINGS = NO;
				SWIFT_VERSION = 5.0;
				TARGETED_DEVICE_FAMILY = "1,2";
				TEST_TARGET_NAME = "Tally app";
			};
			name = Release;
		};
/* End XCBuildConfiguration section */

/* Begin XCConfigurationList section */
		318D695128E675A400637B36 /* Build configuration list for PBXProject "Tally app" */ = {
			isa = XCConfigurationList;
			buildConfigurations = (
				318D697E28E675A500637B36 /* Debug */,
				318D697F28E675A500637B36 /* Release */,
			);
			defaultConfigurationIsVisible = 0;
			defaultConfigurationName = Release;
		};
		318D698028E675A500637B36 /* Build configuration list for PBXNativeTarget "Tally app" */ = {
			isa = XCConfigurationList;
			buildConfigurations = (
				318D698128E675A500637B36 /* Debug */,
				318D698228E675A500637B36 /* Release */,
			);
			defaultConfigurationIsVisible = 0;
			defaultConfigurationName = Release;
		};
		318D698328E675A500637B36 /* Build configuration list for PBXNativeTarget "Tally appTests" */ = {
			isa = XCConfigurationList;
			buildConfigurations = (
				318D698428E675A500637B36 /* Debug */,
				318D698528E675A500637B36 /* Release */,
			);
			defaultConfigurationIsVisible = 0;
			defaultConfigurationName = Release;
		};
		318D698628E675A500637B36 /* Build configuration list for PBXNativeTarget "Tally appUITests" */ = {
			isa = XCConfigurationList;
			buildConfigurations = (
				318D698728E675A500637B36 /* Debug */,
				318D698828E675A500637B36 /* Release */,
			);
			defaultConfigurationIsVisible = 0;
			defaultConfigurationName = Release;
		};
/* End XCConfigurationList section */
	};
	rootObject = 318D694E28E675A400637B36 /* Project object */;
}
