// !$*UTF8*$!
{
	archiveVersion = 1;
	classes = {
	};
	objectVersion = 56;
	objects = {

/* Begin PBXBuildFile section */
		318D691128E5E6C300637B36 /* AppDelegate.swift in Sources */ = {isa = PBXBuildFile; fileRef = 318D691028E5E6C300637B36 /* AppDelegate.swift */; };
		318D691A28E5E6C500637B36 /* Assets.xcassets in Resources */ = {isa = PBXBuildFile; fileRef = 318D691928E5E6C500637B36 /* Assets.xcassets */; };
		318D691D28E5E6C500637B36 /* LaunchScreen.storyboard in Resources */ = {isa = PBXBuildFile; fileRef = 318D691B28E5E6C500637B36 /* LaunchScreen.storyboard */; };
		318D692828E5E6C500637B36 /* Project_3Tests.swift in Sources */ = {isa = PBXBuildFile; fileRef = 318D692728E5E6C500637B36 /* Project_3Tests.swift */; };
		318D693228E5E6C500637B36 /* Project_3UITests.swift in Sources */ = {isa = PBXBuildFile; fileRef = 318D693128E5E6C500637B36 /* Project_3UITests.swift */; };
		318D693428E5E6C500637B36 /* Project_3UITestsLaunchTests.swift in Sources */ = {isa = PBXBuildFile; fileRef = 318D693328E5E6C500637B36 /* Project_3UITestsLaunchTests.swift */; };
		318D694528E5E6F300637B36 /* QuestionsVC.swift in Sources */ = {isa = PBXBuildFile; fileRef = 318D694028E5E6F200637B36 /* QuestionsVC.swift */; };
		318D694628E5E6F300637B36 /* QuestionData.swift in Sources */ = {isa = PBXBuildFile; fileRef = 318D694128E5E6F200637B36 /* QuestionData.swift */; };
		318D694728E5E6F300637B36 /* Intro VC.swift in Sources */ = {isa = PBXBuildFile; fileRef = 318D694228E5E6F200637B36 /* Intro VC.swift */; };
		318D694828E5E6F300637B36 /* ResultsVC.swift in Sources */ = {isa = PBXBuildFile; fileRef = 318D694328E5E6F200637B36 /* ResultsVC.swift */; };
		318D694928E5E6F300637B36 /* SceneDelegate.swift in Sources */ = {isa = PBXBuildFile; fileRef = 318D694428E5E6F200637B36 /* SceneDelegate.swift */; };
		318D694C28E5E76300637B36 /* Main.storyboard in Resources */ = {isa = PBXBuildFile; fileRef = 318D694A28E5E76300637B36 /* Main.storyboard */; };
/* End PBXBuildFile section */

/* Begin PBXContainerItemProxy section */
		318D692428E5E6C500637B36 /* PBXContainerItemProxy */ = {
			isa = PBXContainerItemProxy;
			containerPortal = 318D690528E5E6C300637B36 /* Project object */;
			proxyType = 1;
			remoteGlobalIDString = 318D690C28E5E6C300637B36;
			remoteInfo = "Project 3";
		};
		318D692E28E5E6C500637B36 /* PBXContainerItemProxy */ = {
			isa = PBXContainerItemProxy;
			containerPortal = 318D690528E5E6C300637B36 /* Project object */;
			proxyType = 1;
			remoteGlobalIDString = 318D690C28E5E6C300637B36;
			remoteInfo = "Project 3";
		};
/* End PBXContainerItemProxy section */

/* Begin PBXFileReference section */
		318D690D28E5E6C300637B36 /* Project 3.app */ = {isa = PBXFileReference; explicitFileType = wrapper.application; includeInIndex = 0; path = "Project 3.app"; sourceTree = BUILT_PRODUCTS_DIR; };
		318D691028E5E6C300637B36 /* AppDelegate.swift */ = {isa = PBXFileReference; lastKnownFileType = sourcecode.swift; path = AppDelegate.swift; sourceTree = "<group>"; };
		318D691928E5E6C500637B36 /* Assets.xcassets */ = {isa = PBXFileReference; lastKnownFileType = folder.assetcatalog; path = Assets.xcassets; sourceTree = "<group>"; };
		318D691C28E5E6C500637B36 /* Base */ = {isa = PBXFileReference; lastKnownFileType = file.storyboard; name = Base; path = Base.lproj/LaunchScreen.storyboard; sourceTree = "<group>"; };
		318D691E28E5E6C500637B36 /* Info.plist */ = {isa = PBXFileReference; lastKnownFileType = text.plist.xml; path = Info.plist; sourceTree = "<group>"; };
		318D692328E5E6C500637B36 /* Project 3Tests.xctest */ = {isa = PBXFileReference; explicitFileType = wrapper.cfbundle; includeInIndex = 0; path = "Project 3Tests.xctest"; sourceTree = BUILT_PRODUCTS_DIR; };
		318D692728E5E6C500637B36 /* Project_3Tests.swift */ = {isa = PBXFileReference; lastKnownFileType = sourcecode.swift; path = Project_3Tests.swift; sourceTree = "<group>"; };
		318D692D28E5E6C500637B36 /* Project 3UITests.xctest */ = {isa = PBXFileReference; explicitFileType = wrapper.cfbundle; includeInIndex = 0; path = "Project 3UITests.xctest"; sourceTree = BUILT_PRODUCTS_DIR; };
		318D693128E5E6C500637B36 /* Project_3UITests.swift */ = {isa = PBXFileReference; lastKnownFileType = sourcecode.swift; path = Project_3UITests.swift; sourceTree = "<group>"; };
		318D693328E5E6C500637B36 /* Project_3UITestsLaunchTests.swift */ = {isa = PBXFileReference; lastKnownFileType = sourcecode.swift; path = Project_3UITestsLaunchTests.swift; sourceTree = "<group>"; };
		318D694028E5E6F200637B36 /* QuestionsVC.swift */ = {isa = PBXFileReference; fileEncoding = 4; lastKnownFileType = sourcecode.swift; path = QuestionsVC.swift; sourceTree = "<group>"; };
		318D694128E5E6F200637B36 /* QuestionData.swift */ = {isa = PBXFileReference; fileEncoding = 4; lastKnownFileType = sourcecode.swift; path = QuestionData.swift; sourceTree = "<group>"; };
		318D694228E5E6F200637B36 /* Intro VC.swift */ = {isa = PBXFileReference; fileEncoding = 4; lastKnownFileType = sourcecode.swift; path = "Intro VC.swift"; sourceTree = "<group>"; };
		318D694328E5E6F200637B36 /* ResultsVC.swift */ = {isa = PBXFileReference; fileEncoding = 4; lastKnownFileType = sourcecode.swift; path = ResultsVC.swift; sourceTree = "<group>"; };
		318D694428E5E6F200637B36 /* SceneDelegate.swift */ = {isa = PBXFileReference; fileEncoding = 4; lastKnownFileType = sourcecode.swift; path = SceneDelegate.swift; sourceTree = "<group>"; };
		318D694B28E5E76300637B36 /* Base */ = {isa = PBXFileReference; lastKnownFileType = file.storyboard; name = Base; path = Base.lproj/Main.storyboard; sourceTree = "<group>"; };
/* End PBXFileReference section */

/* Begin PBXFrameworksBuildPhase section */
		318D690A28E5E6C300637B36 /* Frameworks */ = {
			isa = PBXFrameworksBuildPhase;
			buildActionMask = 2147483647;
			files = (
			);
			runOnlyForDeploymentPostprocessing = 0;
		};
		318D692028E5E6C500637B36 /* Frameworks */ = {
			isa = PBXFrameworksBuildPhase;
			buildActionMask = 2147483647;
			files = (
			);
			runOnlyForDeploymentPostprocessing = 0;
		};
		318D692A28E5E6C500637B36 /* Frameworks */ = {
			isa = PBXFrameworksBuildPhase;
			buildActionMask = 2147483647;
			files = (
			);
			runOnlyForDeploymentPostprocessing = 0;
		};
/* End PBXFrameworksBuildPhase section */

/* Begin PBXGroup section */
		318D690428E5E6C300637B36 = {
			isa = PBXGroup;
			children = (
				318D690F28E5E6C300637B36 /* Project 3 */,
				318D692628E5E6C500637B36 /* Project 3Tests */,
				318D693028E5E6C500637B36 /* Project 3UITests */,
				318D690E28E5E6C300637B36 /* Products */,
			);
			sourceTree = "<group>";
		};
		318D690E28E5E6C300637B36 /* Products */ = {
			isa = PBXGroup;
			children = (
				318D690D28E5E6C300637B36 /* Project 3.app */,
				318D692328E5E6C500637B36 /* Project 3Tests.xctest */,
				318D692D28E5E6C500637B36 /* Project 3UITests.xctest */,
			);
			name = Products;
			sourceTree = "<group>";
		};
		318D690F28E5E6C300637B36 /* Project 3 */ = {
			isa = PBXGroup;
			children = (
				318D694A28E5E76300637B36 /* Main.storyboard */,
				318D691028E5E6C300637B36 /* AppDelegate.swift */,
				318D694228E5E6F200637B36 /* Intro VC.swift */,
				318D694128E5E6F200637B36 /* QuestionData.swift */,
				318D694028E5E6F200637B36 /* QuestionsVC.swift */,
				318D694328E5E6F200637B36 /* ResultsVC.swift */,
				318D694428E5E6F200637B36 /* SceneDelegate.swift */,
				318D691928E5E6C500637B36 /* Assets.xcassets */,
				318D691B28E5E6C500637B36 /* LaunchScreen.storyboard */,
				318D691E28E5E6C500637B36 /* Info.plist */,
			);
			path = "Project 3";
			sourceTree = "<group>";
		};
		318D692628E5E6C500637B36 /* Project 3Tests */ = {
			isa = PBXGroup;
			children = (
				318D692728E5E6C500637B36 /* Project_3Tests.swift */,
			);
			path = "Project 3Tests";
			sourceTree = "<group>";
		};
		318D693028E5E6C500637B36 /* Project 3UITests */ = {
			isa = PBXGroup;
			children = (
				318D693128E5E6C500637B36 /* Project_3UITests.swift */,
				318D693328E5E6C500637B36 /* Project_3UITestsLaunchTests.swift */,
			);
			path = "Project 3UITests";
			sourceTree = "<group>";
		};
/* End PBXGroup section */

/* Begin PBXNativeTarget section */
		318D690C28E5E6C300637B36 /* Project 3 */ = {
			isa = PBXNativeTarget;
			buildConfigurationList = 318D693728E5E6C500637B36 /* Build configuration list for PBXNativeTarget "Project 3" */;
			buildPhases = (
				318D690928E5E6C300637B36 /* Sources */,
				318D690A28E5E6C300637B36 /* Frameworks */,
				318D690B28E5E6C300637B36 /* Resources */,
			);
			buildRules = (
			);
			dependencies = (
			);
			name = "Project 3";
			productName = "Project 3";
			productReference = 318D690D28E5E6C300637B36 /* Project 3.app */;
			productType = "com.apple.product-type.application";
		};
		318D692228E5E6C500637B36 /* Project 3Tests */ = {
			isa = PBXNativeTarget;
			buildConfigurationList = 318D693A28E5E6C500637B36 /* Build configuration list for PBXNativeTarget "Project 3Tests" */;
			buildPhases = (
				318D691F28E5E6C500637B36 /* Sources */,
				318D692028E5E6C500637B36 /* Frameworks */,
				318D692128E5E6C500637B36 /* Resources */,
			);
			buildRules = (
			);
			dependencies = (
				318D692528E5E6C500637B36 /* PBXTargetDependency */,
			);
			name = "Project 3Tests";
			productName = "Project 3Tests";
			productReference = 318D692328E5E6C500637B36 /* Project 3Tests.xctest */;
			productType = "com.apple.product-type.bundle.unit-test";
		};
		318D692C28E5E6C500637B36 /* Project 3UITests */ = {
			isa = PBXNativeTarget;
			buildConfigurationList = 318D693D28E5E6C500637B36 /* Build configuration list for PBXNativeTarget "Project 3UITests" */;
			buildPhases = (
				318D692928E5E6C500637B36 /* Sources */,
				318D692A28E5E6C500637B36 /* Frameworks */,
				318D692B28E5E6C500637B36 /* Resources */,
			);
			buildRules = (
			);
			dependencies = (
				318D692F28E5E6C500637B36 /* PBXTargetDependency */,
			);
			name = "Project 3UITests";
			productName = "Project 3UITests";
			productReference = 318D692D28E5E6C500637B36 /* Project 3UITests.xctest */;
			productType = "com.apple.product-type.bundle.ui-testing";
		};
/* End PBXNativeTarget section */

/* Begin PBXProject section */
		318D690528E5E6C300637B36 /* Project object */ = {
			isa = PBXProject;
			attributes = {
				BuildIndependentTargetsInParallel = 1;
				LastSwiftUpdateCheck = 1400;
				LastUpgradeCheck = 1400;
				TargetAttributes = {
					318D690C28E5E6C300637B36 = {
						CreatedOnToolsVersion = 14.0.1;
					};
					318D692228E5E6C500637B36 = {
						CreatedOnToolsVersion = 14.0.1;
						TestTargetID = 318D690C28E5E6C300637B36;
					};
					318D692C28E5E6C500637B36 = {
						CreatedOnToolsVersion = 14.0.1;
						TestTargetID = 318D690C28E5E6C300637B36;
					};
				};
			};
			buildConfigurationList = 318D690828E5E6C300637B36 /* Build configuration list for PBXProject "Project 3" */;
			compatibilityVersion = "Xcode 14.0";
			developmentRegion = en;
			hasScannedForEncodings = 0;
			knownRegions = (
				en,
				Base,
			);
			mainGroup = 318D690428E5E6C300637B36;
			productRefGroup = 318D690E28E5E6C300637B36 /* Products */;
			projectDirPath = "";
			projectRoot = "";
			targets = (
				318D690C28E5E6C300637B36 /* Project 3 */,
				318D692228E5E6C500637B36 /* Project 3Tests */,
				318D692C28E5E6C500637B36 /* Project 3UITests */,
			);
		};
/* End PBXProject section */

/* Begin PBXResourcesBuildPhase section */
		318D690B28E5E6C300637B36 /* Resources */ = {
			isa = PBXResourcesBuildPhase;
			buildActionMask = 2147483647;
			files = (
				318D694C28E5E76300637B36 /* Main.storyboard in Resources */,
				318D691D28E5E6C500637B36 /* LaunchScreen.storyboard in Resources */,
				318D691A28E5E6C500637B36 /* Assets.xcassets in Resources */,
			);
			runOnlyForDeploymentPostprocessing = 0;
		};
		318D692128E5E6C500637B36 /* Resources */ = {
			isa = PBXResourcesBuildPhase;
			buildActionMask = 2147483647;
			files = (
			);
			runOnlyForDeploymentPostprocessing = 0;
		};
		318D692B28E5E6C500637B36 /* Resources */ = {
			isa = PBXResourcesBuildPhase;
			buildActionMask = 2147483647;
			files = (
			);
			runOnlyForDeploymentPostprocessing = 0;
		};
/* End PBXResourcesBuildPhase section */

/* Begin PBXSourcesBuildPhase section */
		318D690928E5E6C300637B36 /* Sources */ = {
			isa = PBXSourcesBuildPhase;
			buildActionMask = 2147483647;
			files = (
				318D694628E5E6F300637B36 /* QuestionData.swift in Sources */,
				318D694528E5E6F300637B36 /* QuestionsVC.swift in Sources */,
				318D694728E5E6F300637B36 /* Intro VC.swift in Sources */,
				318D694828E5E6F300637B36 /* ResultsVC.swift in Sources */,
				318D691128E5E6C300637B36 /* AppDelegate.swift in Sources */,
				318D694928E5E6F300637B36 /* SceneDelegate.swift in Sources */,
			);
			runOnlyForDeploymentPostprocessing = 0;
		};
		318D691F28E5E6C500637B36 /* Sources */ = {
			isa = PBXSourcesBuildPhase;
			buildActionMask = 2147483647;
			files = (
				318D692828E5E6C500637B36 /* Project_3Tests.swift in Sources */,
			);
			runOnlyForDeploymentPostprocessing = 0;
		};
		318D692928E5E6C500637B36 /* Sources */ = {
			isa = PBXSourcesBuildPhase;
			buildActionMask = 2147483647;
			files = (
				318D693428E5E6C500637B36 /* Project_3UITestsLaunchTests.swift in Sources */,
				318D693228E5E6C500637B36 /* Project_3UITests.swift in Sources */,
			);
			runOnlyForDeploymentPostprocessing = 0;
		};
/* End PBXSourcesBuildPhase section */

/* Begin PBXTargetDependency section */
		318D692528E5E6C500637B36 /* PBXTargetDependency */ = {
			isa = PBXTargetDependency;
			target = 318D690C28E5E6C300637B36 /* Project 3 */;
			targetProxy = 318D692428E5E6C500637B36 /* PBXContainerItemProxy */;
		};
		318D692F28E5E6C500637B36 /* PBXTargetDependency */ = {
			isa = PBXTargetDependency;
			target = 318D690C28E5E6C300637B36 /* Project 3 */;
			targetProxy = 318D692E28E5E6C500637B36 /* PBXContainerItemProxy */;
		};
/* End PBXTargetDependency section */

/* Begin PBXVariantGroup section */
		318D691B28E5E6C500637B36 /* LaunchScreen.storyboard */ = {
			isa = PBXVariantGroup;
			children = (
				318D691C28E5E6C500637B36 /* Base */,
			);
			name = LaunchScreen.storyboard;
			sourceTree = "<group>";
		};
		318D694A28E5E76300637B36 /* Main.storyboard */ = {
			isa = PBXVariantGroup;
			children = (
				318D694B28E5E76300637B36 /* Base */,
			);
			name = Main.storyboard;
			sourceTree = "<group>";
		};
/* End PBXVariantGroup section */

/* Begin XCBuildConfiguration section */
		318D693528E5E6C500637B36 /* Debug */ = {
			isa = XCBuildConfiguration;
			buildSettings = {
				ALWAYS_SEARCH_USER_PATHS = NO;
				CLANG_ANALYZER_NONNULL = YES;
				CLANG_ANALYZER_NUMBER_OBJECT_CONVERSION = YES_AGGRESSIVE;
				CLANG_CXX_LANGUAGE_STANDARD = "gnu++20";
				CLANG_ENABLE_MODULES = YES;
				CLANG_ENABLE_OBJC_ARC = YES;
				CLANG_ENABLE_OBJC_WEAK = YES;
				CLANG_WARN_BLOCK_CAPTURE_AUTORELEASING = YES;
				CLANG_WARN_BOOL_CONVERSION = YES;
				CLANG_WARN_COMMA = YES;
				CLANG_WARN_CONSTANT_CONVERSION = YES;
				CLANG_WARN_DEPRECATED_OBJC_IMPLEMENTATIONS = YES;
				CLANG_WARN_DIRECT_OBJC_ISA_USAGE = YES_ERROR;
				CLANG_WARN_DOCUMENTATION_COMMENTS = YES;
				CLANG_WARN_EMPTY_BODY = YES;
				CLANG_WARN_ENUM_CONVERSION = YES;
				CLANG_WARN_INFINITE_RECURSION = YES;
				CLANG_WARN_INT_CONVERSION = YES;
				CLANG_WARN_NON_LITERAL_NULL_CONVERSION = YES;
				CLANG_WARN_OBJC_IMPLICIT_RETAIN_SELF = YES;
				CLANG_WARN_OBJC_LITERAL_CONVERSION = YES;
				CLANG_WARN_OBJC_ROOT_CLASS = YES_ERROR;
				CLANG_WARN_QUOTED_INCLUDE_IN_FRAMEWORK_HEADER = YES;
				CLANG_WARN_RANGE_LOOP_ANALYSIS = YES;
				CLANG_WARN_STRICT_PROTOTYPES = YES;
				CLANG_WARN_SUSPICIOUS_MOVE = YES;
				CLANG_WARN_UNGUARDED_AVAILABILITY = YES_AGGRESSIVE;
				CLANG_WARN_UNREACHABLE_CODE = YES;
				CLANG_WARN__DUPLICATE_METHOD_MATCH = YES;
				COPY_PHASE_STRIP = NO;
				DEBUG_INFORMATION_FORMAT = dwarf;
				ENABLE_STRICT_OBJC_MSGSEND = YES;
				ENABLE_TESTABILITY = YES;
				GCC_C_LANGUAGE_STANDARD = gnu11;
				GCC_DYNAMIC_NO_PIC = NO;
				GCC_NO_COMMON_BLOCKS = YES;
				GCC_OPTIMIZATION_LEVEL = 0;
				GCC_PREPROCESSOR_DEFINITIONS = (
					"DEBUG=1",
					"$(inherited)",
				);
				GCC_WARN_64_TO_32_BIT_CONVERSION = YES;
				GCC_WARN_ABOUT_RETURN_TYPE = YES_ERROR;
				GCC_WARN_UNDECLARED_SELECTOR = YES;
				GCC_WARN_UNINITIALIZED_AUTOS = YES_AGGRESSIVE;
				GCC_WARN_UNUSED_FUNCTION = YES;
				GCC_WARN_UNUSED_VARIABLE = YES;
				IPHONEOS_DEPLOYMENT_TARGET = 16.0;
				MTL_ENABLE_DEBUG_INFO = INCLUDE_SOURCE;
				MTL_FAST_MATH = YES;
				ONLY_ACTIVE_ARCH = YES;
				SDKROOT = iphoneos;
				SWIFT_ACTIVE_COMPILATION_CONDITIONS = DEBUG;
				SWIFT_OPTIMIZATION_LEVEL = "-Onone";
			};
			name = Debug;
		};
		318D693628E5E6C500637B36 /* Release */ = {
			isa = XCBuildConfiguration;
			buildSettings = {
				ALWAYS_SEARCH_USER_PATHS = NO;
				CLANG_ANALYZER_NONNULL = YES;
				CLANG_ANALYZER_NUMBER_OBJECT_CONVERSION = YES_AGGRESSIVE;
				CLANG_CXX_LANGUAGE_STANDARD = "gnu++20";
				CLANG_ENABLE_MODULES = YES;
				CLANG_ENABLE_OBJC_ARC = YES;
				CLANG_ENABLE_OBJC_WEAK = YES;
				CLANG_WARN_BLOCK_CAPTURE_AUTORELEASING = YES;
				CLANG_WARN_BOOL_CONVERSION = YES;
				CLANG_WARN_COMMA = YES;
				CLANG_WARN_CONSTANT_CONVERSION = YES;
				CLANG_WARN_DEPRECATED_OBJC_IMPLEMENTATIONS = YES;
				CLANG_WARN_DIRECT_OBJC_ISA_USAGE = YES_ERROR;
				CLANG_WARN_DOCUMENTATION_COMMENTS = YES;
				CLANG_WARN_EMPTY_BODY = YES;
				CLANG_WARN_ENUM_CONVERSION = YES;
				CLANG_WARN_INFINITE_RECURSION = YES;
				CLANG_WARN_INT_CONVERSION = YES;
				CLANG_WARN_NON_LITERAL_NULL_CONVERSION = YES;
				CLANG_WARN_OBJC_IMPLICIT_RETAIN_SELF = YES;
				CLANG_WARN_OBJC_LITERAL_CONVERSION = YES;
				CLANG_WARN_OBJC_ROOT_CLASS = YES_ERROR;
				CLANG_WARN_QUOTED_INCLUDE_IN_FRAMEWORK_HEADER = YES;
				CLANG_WARN_RANGE_LOOP_ANALYSIS = YES;
				CLANG_WARN_STRICT_PROTOTYPES = YES;
				CLANG_WARN_SUSPICIOUS_MOVE = YES;
				CLANG_WARN_UNGUARDED_AVAILABILITY = YES_AGGRESSIVE;
				CLANG_WARN_UNREACHABLE_CODE = YES;
				CLANG_WARN__DUPLICATE_METHOD_MATCH = YES;
				COPY_PHASE_STRIP = NO;
				DEBUG_INFORMATION_FORMAT = "dwarf-with-dsym";
				ENABLE_NS_ASSERTIONS = NO;
				ENABLE_STRICT_OBJC_MSGSEND = YES;
				GCC_C_LANGUAGE_STANDARD = gnu11;
				GCC_NO_COMMON_BLOCKS = YES;
				GCC_WARN_64_TO_32_BIT_CONVERSION = YES;
				GCC_WARN_ABOUT_RETURN_TYPE = YES_ERROR;
				GCC_WARN_UNDECLARED_SELECTOR = YES;
				GCC_WARN_UNINITIALIZED_AUTOS = YES_AGGRESSIVE;
				GCC_WARN_UNUSED_FUNCTION = YES;
				GCC_WARN_UNUSED_VARIABLE = YES;
				IPHONEOS_DEPLOYMENT_TARGET = 16.0;
				MTL_ENABLE_DEBUG_INFO = NO;
				MTL_FAST_MATH = YES;
				SDKROOT = iphoneos;
				SWIFT_COMPILATION_MODE = wholemodule;
				SWIFT_OPTIMIZATION_LEVEL = "-O";
				VALIDATE_PRODUCT = YES;
			};
			name = Release;
		};
		318D693828E5E6C500637B36 /* Debug */ = {
			isa = XCBuildConfiguration;
			buildSettings = {
				ASSETCATALOG_COMPILER_APPICON_NAME = AppIcon;
				ASSETCATALOG_COMPILER_GLOBAL_ACCENT_COLOR_NAME = AccentColor;
				CODE_SIGN_STYLE = Automatic;
				CURRENT_PROJECT_VERSION = 1;
				DEVELOPMENT_TEAM = 3Z3YP89VS7;
				GENERATE_INFOPLIST_FILE = YES;
				INFOPLIST_FILE = "Project 3/Info.plist";
				INFOPLIST_KEY_UIApplicationSupportsIndirectInputEvents = YES;
				INFOPLIST_KEY_UILaunchStoryboardName = LaunchScreen;
				INFOPLIST_KEY_UIMainStoryboardFile = Main;
				INFOPLIST_KEY_UISupportedInterfaceOrientations_iPad = "UIInterfaceOrientationPortrait UIInterfaceOrientationPortraitUpsideDown UIInterfaceOrientationLandscapeLeft UIInterfaceOrientationLandscapeRight";
				INFOPLIST_KEY_UISupportedInterfaceOrientations_iPhone = "UIInterfaceOrientationPortrait UIInterfaceOrientationLandscapeLeft UIInterfaceOrientationLandscapeRight";
				LD_RUNPATH_SEARCH_PATHS = (
					"$(inherited)",
					"@executable_path/Frameworks",
				);
				MARKETING_VERSION = 1.0;
				PRODUCT_BUNDLE_IDENTIFIER = "com.outside.Project-3";
				PRODUCT_NAME = "$(TARGET_NAME)";
				SWIFT_EMIT_LOC_STRINGS = YES;
				SWIFT_VERSION = 5.0;
				TARGETED_DEVICE_FAMILY = "1,2";
			};
			name = Debug;
		};
		318D693928E5E6C500637B36 /* Release */ = {
			isa = XCBuildConfiguration;
			buildSettings = {
				ASSETCATALOG_COMPILER_APPICON_NAME = AppIcon;
				ASSETCATALOG_COMPILER_GLOBAL_ACCENT_COLOR_NAME = AccentColor;
				CODE_SIGN_STYLE = Automatic;
				CURRENT_PROJECT_VERSION = 1;
				DEVELOPMENT_TEAM = 3Z3YP89VS7;
				GENERATE_INFOPLIST_FILE = YES;
				INFOPLIST_FILE = "Project 3/Info.plist";
				INFOPLIST_KEY_UIApplicationSupportsIndirectInputEvents = YES;
				INFOPLIST_KEY_UILaunchStoryboardName = LaunchScreen;
				INFOPLIST_KEY_UIMainStoryboardFile = Main;
				INFOPLIST_KEY_UISupportedInterfaceOrientations_iPad = "UIInterfaceOrientationPortrait UIInterfaceOrientationPortraitUpsideDown UIInterfaceOrientationLandscapeLeft UIInterfaceOrientationLandscapeRight";
				INFOPLIST_KEY_UISupportedInterfaceOrientations_iPhone = "UIInterfaceOrientationPortrait UIInterfaceOrientationLandscapeLeft UIInterfaceOrientationLandscapeRight";
				LD_RUNPATH_SEARCH_PATHS = (
					"$(inherited)",
					"@executable_path/Frameworks",
				);
				MARKETING_VERSION = 1.0;
				PRODUCT_BUNDLE_IDENTIFIER = "com.outside.Project-3";
				PRODUCT_NAME = "$(TARGET_NAME)";
				SWIFT_EMIT_LOC_STRINGS = YES;
				SWIFT_VERSION = 5.0;
				TARGETED_DEVICE_FAMILY = "1,2";
			};
			name = Release;
		};
		318D693B28E5E6C500637B36 /* Debug */ = {
			isa = XCBuildConfiguration;
			buildSettings = {
				ALWAYS_EMBED_SWIFT_STANDARD_LIBRARIES = YES;
				BUNDLE_LOADER = "$(TEST_HOST)";
				CODE_SIGN_STYLE = Automatic;
				CURRENT_PROJECT_VERSION = 1;
				DEVELOPMENT_TEAM = 3Z3YP89VS7;
				GENERATE_INFOPLIST_FILE = YES;
				IPHONEOS_DEPLOYMENT_TARGET = 16.0;
				MARKETING_VERSION = 1.0;
				PRODUCT_BUNDLE_IDENTIFIER = "com.outside.Project-3Tests";
				PRODUCT_NAME = "$(TARGET_NAME)";
				SWIFT_EMIT_LOC_STRINGS = NO;
				SWIFT_VERSION = 5.0;
				TARGETED_DEVICE_FAMILY = "1,2";
				TEST_HOST = "$(BUILT_PRODUCTS_DIR)/Project 3.app/$(BUNDLE_EXECUTABLE_FOLDER_PATH)/Project 3";
			};
			name = Debug;
		};
		318D693C28E5E6C500637B36 /* Release */ = {
			isa = XCBuildConfiguration;
			buildSettings = {
				ALWAYS_EMBED_SWIFT_STANDARD_LIBRARIES = YES;
				BUNDLE_LOADER = "$(TEST_HOST)";
				CODE_SIGN_STYLE = Automatic;
				CURRENT_PROJECT_VERSION = 1;
				DEVELOPMENT_TEAM = 3Z3YP89VS7;
				GENERATE_INFOPLIST_FILE = YES;
				IPHONEOS_DEPLOYMENT_TARGET = 16.0;
				MARKETING_VERSION = 1.0;
				PRODUCT_BUNDLE_IDENTIFIER = "com.outside.Project-3Tests";
				PRODUCT_NAME = "$(TARGET_NAME)";
				SWIFT_EMIT_LOC_STRINGS = NO;
				SWIFT_VERSION = 5.0;
				TARGETED_DEVICE_FAMILY = "1,2";
				TEST_HOST = "$(BUILT_PRODUCTS_DIR)/Project 3.app/$(BUNDLE_EXECUTABLE_FOLDER_PATH)/Project 3";
			};
			name = Release;
		};
		318D693E28E5E6C500637B36 /* Debug */ = {
			isa = XCBuildConfiguration;
			buildSettings = {
				ALWAYS_EMBED_SWIFT_STANDARD_LIBRARIES = YES;
				CODE_SIGN_STYLE = Automatic;
				CURRENT_PROJECT_VERSION = 1;
				DEVELOPMENT_TEAM = 3Z3YP89VS7;
				GENERATE_INFOPLIST_FILE = YES;
				MARKETING_VERSION = 1.0;
				PRODUCT_BUNDLE_IDENTIFIER = "com.outside.Project-3UITests";
				PRODUCT_NAME = "$(TARGET_NAME)";
				SWIFT_EMIT_LOC_STRINGS = NO;
				SWIFT_VERSION = 5.0;
				TARGETED_DEVICE_FAMILY = "1,2";
				TEST_TARGET_NAME = "Project 3";
			};
			name = Debug;
		};
		318D693F28E5E6C500637B36 /* Release */ = {
			isa = XCBuildConfiguration;
			buildSettings = {
				ALWAYS_EMBED_SWIFT_STANDARD_LIBRARIES = YES;
				CODE_SIGN_STYLE = Automatic;
				CURRENT_PROJECT_VERSION = 1;
				DEVELOPMENT_TEAM = 3Z3YP89VS7;
				GENERATE_INFOPLIST_FILE = YES;
				MARKETING_VERSION = 1.0;
				PRODUCT_BUNDLE_IDENTIFIER = "com.outside.Project-3UITests";
				PRODUCT_NAME = "$(TARGET_NAME)";
				SWIFT_EMIT_LOC_STRINGS = NO;
				SWIFT_VERSION = 5.0;
				TARGETED_DEVICE_FAMILY = "1,2";
				TEST_TARGET_NAME = "Project 3";
			};
			name = Release;
		};
/* End XCBuildConfiguration section */

/* Begin XCConfigurationList section */
		318D690828E5E6C300637B36 /* Build configuration list for PBXProject "Project 3" */ = {
			isa = XCConfigurationList;
			buildConfigurations = (
				318D693528E5E6C500637B36 /* Debug */,
				318D693628E5E6C500637B36 /* Release */,
			);
			defaultConfigurationIsVisible = 0;
			defaultConfigurationName = Release;
		};
		318D693728E5E6C500637B36 /* Build configuration list for PBXNativeTarget "Project 3" */ = {
			isa = XCConfigurationList;
			buildConfigurations = (
				318D693828E5E6C500637B36 /* Debug */,
				318D693928E5E6C500637B36 /* Release */,
			);
			defaultConfigurationIsVisible = 0;
			defaultConfigurationName = Release;
		};
		318D693A28E5E6C500637B36 /* Build configuration list for PBXNativeTarget "Project 3Tests" */ = {
			isa = XCConfigurationList;
			buildConfigurations = (
				318D693B28E5E6C500637B36 /* Debug */,
				318D693C28E5E6C500637B36 /* Release */,
			);
			defaultConfigurationIsVisible = 0;
			defaultConfigurationName = Release;
		};
		318D693D28E5E6C500637B36 /* Build configuration list for PBXNativeTarget "Project 3UITests" */ = {
			isa = XCConfigurationList;
			buildConfigurations = (
				318D693E28E5E6C500637B36 /* Debug */,
				318D693F28E5E6C500637B36 /* Release */,
			);
			defaultConfigurationIsVisible = 0;
			defaultConfigurationName = Release;
		};
/* End XCConfigurationList section */
	};
	rootObject = 318D690528E5E6C300637B36 /* Project object */;
}
